{
  "name": "@gilgames/discord-detours",
  "version": "0.1.0",
  "lockfileVersion": 2,
  "requires": true,
  "packages": {
    "": {
      "name": "@gilgames/discord-detours",
      "version": "0.1.0",
      "license": "MIT",
      "dependencies": {
        "javascript-serialize": "^1.6.1"
      }
    },
    "node_modules/circular-json": {
      "version": "0.3.3",
      "resolved": "https://registry.npmjs.org/circular-json/-/circular-json-0.3.3.tgz",
      "integrity": "sha512-UZK3NBx2Mca+b5LsG7bY183pHWt5Y1xts4P3Pz7ENTwGVnJOUWbRb3ocjvX7hx9tq/yTAdclXm9sZ38gNuem4A==",
      "deprecated": "CircularJSON is in maintenance only, flatted is its successor."
    },
    "node_modules/component-type": {
      "version": "1.2.1",
      "resolved": "https://registry.npmjs.org/component-type/-/component-type-1.2.1.tgz",
      "integrity": "sha1-ikeQFwAjjk/DIml3EjAibyS0Fak="
    },
    "node_modules/custom-event": {
      "version": "1.0.1",
      "resolved": "https://registry.npmjs.org/custom-event/-/custom-event-1.0.1.tgz",
      "integrity": "sha1-XQKkaFCt8bSjF5RqOSj8y1v9BCU="
    },
    "node_modules/dom-serialize": {
      "version": "2.2.1",
      "resolved": "https://registry.npmjs.org/dom-serialize/-/dom-serialize-2.2.1.tgz",
      "integrity": "sha1-ViromZ9Evl6jB29UGdzVnrQ6yVs=",
      "dependencies": {
        "custom-event": "~1.0.0",
        "ent": "~2.2.0",
        "extend": "^3.0.0",
        "void-elements": "^2.0.0"
      }
    },
    "node_modules/ent": {
      "version": "2.2.0",
      "resolved": "https://registry.npmjs.org/ent/-/ent-2.2.0.tgz",
      "integrity": "sha1-6WQhkyWiHQX0RGai9obtbOX13R0="
    },
    "node_modules/extend": {
      "version": "3.0.2",
      "resolved": "https://registry.npmjs.org/extend/-/extend-3.0.2.tgz",
      "integrity": "sha512-fjquC59cD7CyW6urNXK0FBufkZcoiGG80wTuPujX590cB5Ttln20E2UB4S/WARVqhXffZl2LNgS+gQdPIIim/g=="
    },
    "node_modules/fnjson": {
      "version": "1.3.0",
      "resolved": "https://registry.npmjs.org/fnjson/-/fnjson-1.3.0.tgz",
      "integrity": "sha1-oD96gM/ynILe5ZrJx3pi6CuHZFk="
    },
    "node_modules/javascript-serialize": {
      "version": "1.6.1",
      "resolved": "https://registry.npmjs.org/javascript-serialize/-/javascript-serialize-1.6.1.tgz",
      "integrity": "sha1-R30ShW/Y2y8WGfhUiLU9O6KIRXg=",
      "dependencies": {
        "circular-json": "^0.3.0",
        "component-type": "^1.2.0",
        "dom-serialize": "^2.2.1",
        "fnjson": "^1.3.0"
      }
    },
    "node_modules/void-elements": {
      "version": "2.0.1",
      "resolved": "https://registry.npmjs.org/void-elements/-/void-elements-2.0.1.tgz",
      "integrity": "sha1-wGavtYK7HLQSjWDqkjkulNXp2+w=",
      "engines": {
        "node": ">=0.10.0"
      }
    }
  },
  "dependencies": {
    "circular-json": {
      "version": "0.3.3",
      "resolved": "https://registry.npmjs.org/circular-json/-/circular-json-0.3.3.tgz",
      "integrity": "sha512-UZK3NBx2Mca+b5LsG7bY183pHWt5Y1xts4P3Pz7ENTwGVnJOUWbRb3ocjvX7hx9tq/yTAdclXm9sZ38gNuem4A=="
    },
    "component-type": {
      "version": "1.2.1",
      "resolved": "https://registry.npmjs.org/component-type/-/component-type-1.2.1.tgz",
      "integrity": "sha1-ikeQFwAjjk/DIml3EjAibyS0Fak="
    },
    "custom-event": {
      "version": "1.0.1",
      "resolved": "https://registry.npmjs.org/custom-event/-/custom-event-1.0.1.tgz",
      "integrity": "sha1-XQKkaFCt8bSjF5RqOSj8y1v9BCU="
    },
    "dom-serialize": {
      "version": "2.2.1",
      "resolved": "https://registry.npmjs.org/dom-serialize/-/dom-serialize-2.2.1.tgz",
      "integrity": "sha1-ViromZ9Evl6jB29UGdzVnrQ6yVs=",
      "requires": {
        "custom-event": "~1.0.0",
        "ent": "~2.2.0",
        "extend": "^3.0.0",
        "void-elements": "^2.0.0"
      }
    },
    "ent": {
      "version": "2.2.0",
      "resolved": "https://registry.npmjs.org/ent/-/ent-2.2.0.tgz",
      "integrity": "sha1-6WQhkyWiHQX0RGai9obtbOX13R0="
    },
    "extend": {
      "version": "3.0.2",
      "resolved": "https://registry.npmjs.org/extend/-/extend-3.0.2.tgz",
      "integrity": "sha512-fjquC59cD7CyW6urNXK0FBufkZcoiGG80wTuPujX590cB5Ttln20E2UB4S/WARVqhXffZl2LNgS+gQdPIIim/g=="
    },
    "fnjson": {
      "version": "1.3.0",
      "resolved": "https://registry.npmjs.org/fnjson/-/fnjson-1.3.0.tgz",
      "integrity": "sha1-oD96gM/ynILe5ZrJx3pi6CuHZFk="
    },
    "javascript-serialize": {
      "version": "1.6.1",
      "resolved": "https://registry.npmjs.org/javascript-serialize/-/javascript-serialize-1.6.1.tgz",
      "integrity": "sha1-R30ShW/Y2y8WGfhUiLU9O6KIRXg=",
      "requires": {
        "circular-json": "^0.3.0",
        "component-type": "^1.2.0",
        "dom-serialize": "^2.2.1",
        "fnjson": "^1.3.0"
      }
    },
    "void-elements": {
      "version": "2.0.1",
      "resolved": "https://registry.npmjs.org/void-elements/-/void-elements-2.0.1.tgz",
      "integrity": "sha1-wGavtYK7HLQSjWDqkjkulNXp2+w="
    }
  }
}
